# THIS IS AN AUTOGENERATED FILE. DO NOT EDIT THIS FILE DIRECTLY.
# yarn lockfile v1


"@galenjiang/my-repo-3@^1.0.0":
  version "1.0.0"
  resolved "https://registry.yarnpkg.com/@galenjiang/my-repo-3/-/my-repo-3-1.0.0.tgz#5413e118aa60539640a8ec8b8713aa53abb46810"
  integrity sha512-U1ALsQMc/RoPc8Gk6+Lmxb45B0NN/P1iFVWDQI4hq8sefNef6t0mp8rwIzifGWXLsB59pxcr/es+nwRC3qkQ0A==

"@galenjiang/my-repo-4@^1.0.0":
  version "1.0.0"
  resolved "https://registry.yarnpkg.com/@galenjiang/my-repo-4/-/my-repo-4-1.0.0.tgz#2a8843d418f9ae57c595802b342cadcca7a25d73"
  integrity sha512-WT7Z1qVFIlKD51Xi18QBJlW7x2rEe9BXZwXyk2YndE3Gg25J+4uRj7DodkestllLucAbYuLu1/ynQSVz8ma4vw==
